// !$*UTF8*$!
{
	archiveVersion = 1;
	classes = {
	};
	objectVersion = 46;
	objects = {

/* Begin PBXBuildFile section */
		D0572BDD1ECDD6A30024F363 /* background-music-aac.caf in Resources */ = {isa = PBXBuildFile; fileRef = D0572BDC1ECDD6A30024F363 /* background-music-aac.caf */; };
		D0572C011ED369970024F363 /* Assets.xcassets in Resources */ = {isa = PBXBuildFile; fileRef = D0572C001ED369970024F363 /* Assets.xcassets */; };
		D0572C471ED6D6050024F363 /* images-2.jpg in Resources */ = {isa = PBXBuildFile; fileRef = D0572C461ED6D6050024F363 /* images-2.jpg */; };
		D064E4B21EC8D8130029E7A7 /* AppDelegate.swift in Sources */ = {isa = PBXBuildFile; fileRef = D064E4B11EC8D8130029E7A7 /* AppDelegate.swift */; };
		D064E4B61EC8D8130029E7A7 /* Actions.sks in Resources */ = {isa = PBXBuildFile; fileRef = D064E4B51EC8D8130029E7A7 /* Actions.sks */; };
		D064E4BA1EC8D8130029E7A7 /* GameViewController.swift in Sources */ = {isa = PBXBuildFile; fileRef = D064E4B91EC8D8130029E7A7 /* GameViewController.swift */; };
		D064E4BD1EC8D8130029E7A7 /* Main.storyboard in Resources */ = {isa = PBXBuildFile; fileRef = D064E4BB1EC8D8130029E7A7 /* Main.storyboard */; };
		D064E4C21EC8D8130029E7A7 /* LaunchScreen.storyboard in Resources */ = {isa = PBXBuildFile; fileRef = D064E4C01EC8D8130029E7A7 /* LaunchScreen.storyboard */; };
		D064E4CB1EC8D91F0029E7A7 /* MainMenu.sks in Resources */ = {isa = PBXBuildFile; fileRef = D064E4CA1EC8D91F0029E7A7 /* MainMenu.sks */; };
		D064E4D01EC8D99F0029E7A7 /* MainMenuScene.swift in Sources */ = {isa = PBXBuildFile; fileRef = D064E4CF1EC8D99F0029E7A7 /* MainMenuScene.swift */; };
		D0CF10811EC9E90F002E5236 /* GameplayScene.sks in Resources */ = {isa = PBXBuildFile; fileRef = D0CF10801EC9E90F002E5236 /* GameplayScene.sks */; };
		D0CF10831EC9F52D002E5236 /* GameplaySceneClass.swift in Sources */ = {isa = PBXBuildFile; fileRef = D0CF10821EC9F52D002E5236 /* GameplaySceneClass.swift */; };
		D0CF10861ECA00F2002E5236 /* Player.swift in Sources */ = {isa = PBXBuildFile; fileRef = D0CF10851ECA00F2002E5236 /* Player.swift */; };
		D0CF108B1ECA0C0B002E5236 /* WeaponController.swift in Sources */ = {isa = PBXBuildFile; fileRef = D0CF108A1ECA0C0B002E5236 /* WeaponController.swift */; };
		D0CF108D1ECAFA71002E5236 /* hit.mp3 in Resources */ = {isa = PBXBuildFile; fileRef = D0CF108C1ECAFA71002E5236 /* hit.mp3 */; };
/* End PBXBuildFile section */

/* Begin PBXFileReference section */
		D0572BDC1ECDD6A30024F363 /* background-music-aac.caf */ = {isa = PBXFileReference; lastKnownFileType = file; path = "background-music-aac.caf"; sourceTree = "<group>"; };
		D0572C001ED369970024F363 /* Assets.xcassets */ = {isa = PBXFileReference; lastKnownFileType = folder.assetcatalog; path = Assets.xcassets; sourceTree = "<group>"; };
		D0572C461ED6D6050024F363 /* images-2.jpg */ = {isa = PBXFileReference; lastKnownFileType = image.jpeg; path = "images-2.jpg"; sourceTree = "<group>"; };
		D064E4AE1EC8D8130029E7A7 /* dodgeTheWeapon.app */ = {isa = PBXFileReference; explicitFileType = wrapper.application; includeInIndex = 0; path = dodgeTheWeapon.app; sourceTree = BUILT_PRODUCTS_DIR; };
		D064E4B11EC8D8130029E7A7 /* AppDelegate.swift */ = {isa = PBXFileReference; lastKnownFileType = sourcecode.swift; path = AppDelegate.swift; sourceTree = "<group>"; };
		D064E4B51EC8D8130029E7A7 /* Actions.sks */ = {isa = PBXFileReference; lastKnownFileType = file.sks; path = Actions.sks; sourceTree = "<group>"; };
		D064E4B91EC8D8130029E7A7 /* GameViewController.swift */ = {isa = PBXFileReference; lastKnownFileType = sourcecode.swift; path = GameViewController.swift; sourceTree = "<group>"; };
		D064E4BC1EC8D8130029E7A7 /* Base */ = {isa = PBXFileReference; lastKnownFileType = file.storyboard; name = Base; path = Base.lproj/Main.storyboard; sourceTree = "<group>"; };
		D064E4C11EC8D8130029E7A7 /* Base */ = {isa = PBXFileReference; lastKnownFileType = file.storyboard; name = Base; path = Base.lproj/LaunchScreen.storyboard; sourceTree = "<group>"; };
		D064E4C31EC8D8130029E7A7 /* Info.plist */ = {isa = PBXFileReference; lastKnownFileType = text.plist.xml; path = Info.plist; sourceTree = "<group>"; };
		D064E4CA1EC8D91F0029E7A7 /* MainMenu.sks */ = {isa = PBXFileReference; lastKnownFileType = file.sks; path = MainMenu.sks; sourceTree = "<group>"; };
		D064E4CF1EC8D99F0029E7A7 /* MainMenuScene.swift */ = {isa = PBXFileReference; fileEncoding = 4; lastKnownFileType = sourcecode.swift; path = MainMenuScene.swift; sourceTree = "<group>"; };
		D0CF10801EC9E90F002E5236 /* GameplayScene.sks */ = {isa = PBXFileReference; lastKnownFileType = file.sks; path = GameplayScene.sks; sourceTree = "<group>"; };
		D0CF10821EC9F52D002E5236 /* GameplaySceneClass.swift */ = {isa = PBXFileReference; fileEncoding = 4; lastKnownFileType = sourcecode.swift; path = GameplaySceneClass.swift; sourceTree = "<group>"; };
		D0CF10851ECA00F2002E5236 /* Player.swift */ = {isa = PBXFileReference; fileEncoding = 4; lastKnownFileType = sourcecode.swift; path = Player.swift; sourceTree = "<group>"; };
		D0CF108A1ECA0C0B002E5236 /* WeaponController.swift */ = {isa = PBXFileReference; fileEncoding = 4; lastKnownFileType = sourcecode.swift; path = WeaponController.swift; sourceTree = "<group>"; };
		D0CF108C1ECAFA71002E5236 /* hit.mp3 */ = {isa = PBXFileReference; lastKnownFileType = audio.mp3; path = hit.mp3; sourceTree = "<group>"; };
/* End PBXFileReference section */

/* Begin PBXFrameworksBuildPhase section */
		D064E4AB1EC8D8130029E7A7 /* Frameworks */ = {
			isa = PBXFrameworksBuildPhase;
			buildActionMask = 2147483647;
			files = (
			);
			runOnlyForDeploymentPostprocessing = 0;
		};
/* End PBXFrameworksBuildPhase section */

/* Begin PBXGroup section */
		D064E4A51EC8D8130029E7A7 = {
			isa = PBXGroup;
			children = (
				D064E4B01EC8D8130029E7A7 /* dodgeTheWeapon */,
				D064E4AF1EC8D8130029E7A7 /* Products */,
			);
			sourceTree = "<group>";
		};
		D064E4AF1EC8D8130029E7A7 /* Products */ = {
			isa = PBXGroup;
			children = (
				D064E4AE1EC8D8130029E7A7 /* dodgeTheWeapon.app */,
			);
			name = Products;
			sourceTree = "<group>";
		};
		D064E4B01EC8D8130029E7A7 /* dodgeTheWeapon */ = {
			isa = PBXGroup;
			children = (
				D0CF108F1ECB6478002E5236 /* MainMenu */,
				D0CF108E1ECB6470002E5236 /* Gameplay */,
				D0CF108A1ECA0C0B002E5236 /* WeaponController.swift */,
				D0CF10851ECA00F2002E5236 /* Player.swift */,
				D064E4B11EC8D8130029E7A7 /* AppDelegate.swift */,
				D064E4B51EC8D8130029E7A7 /* Actions.sks */,
				D064E4B91EC8D8130029E7A7 /* GameViewController.swift */,
				D064E4BB1EC8D8130029E7A7 /* Main.storyboard */,
				D0572C001ED369970024F363 /* Assets.xcassets */,
				D064E4C01EC8D8130029E7A7 /* LaunchScreen.storyboard */,
				D064E4C31EC8D8130029E7A7 /* Info.plist */,
				D0CF108C1ECAFA71002E5236 /* hit.mp3 */,
				D0572BDC1ECDD6A30024F363 /* background-music-aac.caf */,
				D0572C461ED6D6050024F363 /* images-2.jpg */,
			);
			path = dodgeTheWeapon;
			sourceTree = "<group>";
		};
		D0CF108E1ECB6470002E5236 /* Gameplay */ = {
			isa = PBXGroup;
			children = (
				D0CF10801EC9E90F002E5236 /* GameplayScene.sks */,
				D0CF10821EC9F52D002E5236 /* GameplaySceneClass.swift */,
			);
			name = Gameplay;
			sourceTree = "<group>";
		};
		D0CF108F1ECB6478002E5236 /* MainMenu */ = {
			isa = PBXGroup;
			children = (
				D064E4CA1EC8D91F0029E7A7 /* MainMenu.sks */,
				D064E4CF1EC8D99F0029E7A7 /* MainMenuScene.swift */,
			);
			name = MainMenu;
			sourceTree = "<group>";
		};
/* End PBXGroup section */

/* Begin PBXNativeTarget section */
		D064E4AD1EC8D8130029E7A7 /* dodgeTheWeapon */ = {
			isa = PBXNativeTarget;
			buildConfigurationList = D064E4C61EC8D8130029E7A7 /* Build configuration list for PBXNativeTarget "dodgeTheWeapon" */;
			buildPhases = (
				D064E4AA1EC8D8130029E7A7 /* Sources */,
				D064E4AB1EC8D8130029E7A7 /* Frameworks */,
				D064E4AC1EC8D8130029E7A7 /* Resources */,
			);
			buildRules = (
			);
			dependencies = (
			);
			name = dodgeTheWeapon;
			productName = dodgeTheWeapon;
			productReference = D064E4AE1EC8D8130029E7A7 /* dodgeTheWeapon.app */;
			productType = "com.apple.product-type.application";
		};
/* End PBXNativeTarget section */

/* Begin PBXProject section */
		D064E4A61EC8D8130029E7A7 /* Project object */ = {
			isa = PBXProject;
			attributes = {
				LastSwiftUpdateCheck = 0830;
				LastUpgradeCheck = 0830;
				ORGANIZATIONNAME = Kostic;
				TargetAttributes = {
					D064E4AD1EC8D8130029E7A7 = {
						CreatedOnToolsVersion = 8.3.2;
						DevelopmentTeam = B634WJ46GF;
						ProvisioningStyle = Automatic;
					};
				};
			};
			buildConfigurationList = D064E4A91EC8D8130029E7A7 /* Build configuration list for PBXProject "dodgeTheWeapon" */;
			compatibilityVersion = "Xcode 3.2";
			developmentRegion = English;
			hasScannedForEncodings = 0;
			knownRegions = (
				en,
				Base,
			);
			mainGroup = D064E4A51EC8D8130029E7A7;
			productRefGroup = D064E4AF1EC8D8130029E7A7 /* Products */;
			projectDirPath = "";
			projectRoot = "";
			targets = (
				D064E4AD1EC8D8130029E7A7 /* dodgeTheWeapon */,
			);
		};
/* End PBXProject section */

/* Begin PBXResourcesBuildPhase section */
		D064E4AC1EC8D8130029E7A7 /* Resources */ = {
			isa = PBXResourcesBuildPhase;
			buildActionMask = 2147483647;
			files = (
				D0572BDD1ECDD6A30024F363 /* background-music-aac.caf in Resources */,
				D064E4BD1EC8D8130029E7A7 /* Main.storyboard in Resources */,
				D0CF108D1ECAFA71002E5236 /* hit.mp3 in Resources */,
				D0572C011ED369970024F363 /* Assets.xcassets in Resources */,
				D064E4C21EC8D8130029E7A7 /* LaunchScreen.storyboard in Resources */,
				D064E4CB1EC8D91F0029E7A7 /* MainMenu.sks in Resources */,
				D0CF10811EC9E90F002E5236 /* GameplayScene.sks in Resources */,
				D064E4B61EC8D8130029E7A7 /* Actions.sks in Resources */,
				D0572C471ED6D6050024F363 /* images-2.jpg in Resources */,
			);
			runOnlyForDeploymentPostprocessing = 0;
		};
/* End PBXResourcesBuildPhase section */

/* Begin PBXSourcesBuildPhase section */
		D064E4AA1EC8D8130029E7A7 /* Sources */ = {
			isa = PBXSourcesBuildPhase;
			buildActionMask = 2147483647;
			files = (
				D064E4D01EC8D99F0029E7A7 /* MainMenuScene.swift in Sources */,
				D0CF108B1ECA0C0B002E5236 /* WeaponController.swift in Sources */,
				D064E4BA1EC8D8130029E7A7 /* GameViewController.swift in Sources */,
				D064E4B21EC8D8130029E7A7 /* AppDelegate.swift in Sources */,
				D0CF10861ECA00F2002E5236 /* Player.swift in Sources */,
				D0CF10831EC9F52D002E5236 /* GameplaySceneClass.swift in Sources */,
			);
			runOnlyForDeploymentPostprocessing = 0;
		};
/* End PBXSourcesBuildPhase section */

/* Begin PBXVariantGroup section */
		D064E4BB1EC8D8130029E7A7 /* Main.storyboard */ = {
			isa = PBXVariantGroup;
			children = (
				D064E4BC1EC8D8130029E7A7 /* Base */,
			);
			name = Main.storyboard;
			sourceTree = "<group>";
		};
		D064E4C01EC8D8130029E7A7 /* LaunchScreen.storyboard */ = {
			isa = PBXVariantGroup;
			children = (
				D064E4C11EC8D8130029E7A7 /* Base */,
			);
			name = LaunchScreen.storyboard;
			sourceTree = "<group>";
		};
/* End PBXVariantGroup section */

/* Begin XCBuildConfiguration section */
		D064E4C41EC8D8130029E7A7 /* Debug */ = {
			isa = XCBuildConfiguration;
			buildSettings = {
				ALWAYS_SEARCH_USER_PATHS = NO;
				CLANG_ANALYZER_NONNULL = YES;
				CLANG_ANALYZER_NUMBER_OBJECT_CONVERSION = YES_AGGRESSIVE;
				CLANG_CXX_LANGUAGE_STANDARD = "gnu++0x";
				CLANG_CXX_LIBRARY = "libc++";
				CLANG_ENABLE_MODULES = YES;
				CLANG_ENABLE_OBJC_ARC = YES;
				CLANG_WARN_BOOL_CONVERSION = YES;
				CLANG_WARN_CONSTANT_CONVERSION = YES;
				CLANG_WARN_DIRECT_OBJC_ISA_USAGE = YES_ERROR;
				CLANG_WARN_DOCUMENTATION_COMMENTS = YES;
				CLANG_WARN_EMPTY_BODY = YES;
				CLANG_WARN_ENUM_CONVERSION = YES;
				CLANG_WARN_INFINITE_RECURSION = YES;
				CLANG_WARN_INT_CONVERSION = YES;
				CLANG_WARN_OBJC_ROOT_CLASS = YES_ERROR;
				CLANG_WARN_SUSPICIOUS_MOVE = YES;
				CLANG_WARN_UNREACHABLE_CODE = YES;
				CLANG_WARN__DUPLICATE_METHOD_MATCH = YES;
				"CODE_SIGN_IDENTITY[sdk=iphoneos*]" = "iPhone Developer";
				COPY_PHASE_STRIP = NO;
				DEBUG_INFORMATION_FORMAT = dwarf;
				ENABLE_STRICT_OBJC_MSGSEND = YES;
				ENABLE_TESTABILITY = YES;
				GCC_C_LANGUAGE_STANDARD = gnu99;
				GCC_DYNAMIC_NO_PIC = NO;
				GCC_NO_COMMON_BLOCKS = YES;
				GCC_OPTIMIZATION_LEVEL = 0;
				GCC_PREPROCESSOR_DEFINITIONS = (
					"DEBUG=1",
					"$(inherited)",
				);
				GCC_WARN_64_TO_32_BIT_CONVERSION = YES;
				GCC_WARN_ABOUT_RETURN_TYPE = YES_ERROR;
				GCC_WARN_UNDECLARED_SELECTOR = YES;
				GCC_WARN_UNINITIALIZED_AUTOS = YES_AGGRESSIVE;
				GCC_WARN_UNUSED_FUNCTION = YES;
				GCC_WARN_UNUSED_VARIABLE = YES;
				IPHONEOS_DEPLOYMENT_TARGET = 10.3;
				MTL_ENABLE_DEBUG_INFO = YES;
				ONLY_ACTIVE_ARCH = YES;
				SDKROOT = iphoneos;
				SWIFT_ACTIVE_COMPILATION_CONDITIONS = DEBUG;
				SWIFT_OPTIMIZATION_LEVEL = "-Onone";
			};
			name = Debug;
		};
		D064E4C51EC8D8130029E7A7 /* Release */ = {
			isa = XCBuildConfiguration;
			buildSettings = {
				ALWAYS_SEARCH_USER_PATHS = NO;
				CLANG_ANALYZER_NONNULL = YES;
				CLANG_ANALYZER_NUMBER_OBJECT_CONVERSION = YES_AGGRESSIVE;
				CLANG_CXX_LANGUAGE_STANDARD = "gnu++0x";
				CLANG_CXX_LIBRARY = "libc++";
				CLANG_ENABLE_MODULES = YES;
				CLANG_ENABLE_OBJC_ARC = YES;
				CLANG_WARN_BOOL_CONVERSION = YES;
				CLANG_WARN_CONSTANT_CONVERSION = YES;
				CLANG_WARN_DIRECT_OBJC_ISA_USAGE = YES_ERROR;
				CLANG_WARN_DOCUMENTATION_COMMENTS = YES;
				CLANG_WARN_EMPTY_BODY = YES;
				CLANG_WARN_ENUM_CONVERSION = YES;
				CLANG_WARN_INFINITE_RECURSION = YES;
				CLANG_WARN_INT_CONVERSION = YES;
				CLANG_WARN_OBJC_ROOT_CLASS = YES_ERROR;
				CLANG_WARN_SUSPICIOUS_MOVE = YES;
				CLANG_WARN_UNREACHABLE_CODE = YES;
				CLANG_WARN__DUPLICATE_METHOD_MATCH = YES;
				"CODE_SIGN_IDENTITY[sdk=iphoneos*]" = "iPhone Developer";
				COPY_PHASE_STRIP = NO;
				DEBUG_INFORMATION_FORMAT = "dwarf-with-dsym";
				ENABLE_NS_ASSERTIONS = NO;
				ENABLE_STRICT_OBJC_MSGSEND = YES;
				GCC_C_LANGUAGE_STANDARD = gnu99;
				GCC_NO_COMMON_BLOCKS = YES;
				GCC_WARN_64_TO_32_BIT_CONVERSION = YES;
				GCC_WARN_ABOUT_RETURN_TYPE = YES_ERROR;
				GCC_WARN_UNDECLARED_SELECTOR = YES;
				GCC_WARN_UNINITIALIZED_AUTOS = YES_AGGRESSIVE;
				GCC_WARN_UNUSED_FUNCTION = YES;
				GCC_WARN_UNUSED_VARIABLE = YES;
				IPHONEOS_DEPLOYMENT_TARGET = 10.3;
				MTL_ENABLE_DEBUG_INFO = NO;
				SDKROOT = iphoneos;
				SWIFT_OPTIMIZATION_LEVEL = "-Owholemodule";
				VALIDATE_PRODUCT = YES;
			};
			name = Release;
		};
		D064E4C71EC8D8130029E7A7 /* Debug */ = {
			isa = XCBuildConfiguration;
			buildSettings = {
				ASSETCATALOG_COMPILER_APPICON_NAME = AppIcon;
				DEVELOPMENT_TEAM = B634WJ46GF;
				INFOPLIST_FILE = dodgeTheWeapon/Info.plist;
				LD_RUNPATH_SEARCH_PATHS = "$(inherited) @executable_path/Frameworks";
				PRODUCT_BUNDLE_IDENTIFIER = com.kostic.dodgeTheWeapon;
				PRODUCT_NAME = "$(TARGET_NAME)";
				SWIFT_VERSION = 3.0;
				TARGETED_DEVICE_FAMILY = 1;
			};
			name = Debug;
		};
		D064E4C81EC8D8130029E7A7 /* Release */ = {
			isa = XCBuildConfiguration;
			buildSettings = {
				ASSETCATALOG_COMPILER_APPICON_NAME = AppIcon;
				DEVELOPMENT_TEAM = B634WJ46GF;
				INFOPLIST_FILE = dodgeTheWeapon/Info.plist;
				LD_RUNPATH_SEARCH_PATHS = "$(inherited) @executable_path/Frameworks";
				PRODUCT_BUNDLE_IDENTIFIER = com.kostic.dodgeTheWeapon;
				PRODUCT_NAME = "$(TARGET_NAME)";
				SWIFT_VERSION = 3.0;
				TARGETED_DEVICE_FAMILY = 1;
			};
			name = Release;
		};
/* End XCBuildConfiguration section */

/* Begin XCConfigurationList section */
		D064E4A91EC8D8130029E7A7 /* Build configuration list for PBXProject "dodgeTheWeapon" */ = {
			isa = XCConfigurationList;
			buildConfigurations = (
				D064E4C41EC8D8130029E7A7 /* Debug */,
				D064E4C51EC8D8130029E7A7 /* Release */,
			);
			defaultConfigurationIsVisible = 0;
			defaultConfigurationName = Release;
		};
		D064E4C61EC8D8130029E7A7 /* Build configuration list for PBXNativeTarget "dodgeTheWeapon" */ = {
			isa = XCConfigurationList;
			buildConfigurations = (
				D064E4C71EC8D8130029E7A7 /* Debug */,
				D064E4C81EC8D8130029E7A7 /* Release */,
			);
			defaultConfigurationIsVisible = 0;
			defaultConfigurationName = Release;
		};
/* End XCConfigurationList section */
	};
	rootObject = D064E4A61EC8D8130029E7A7 /* Project object */;
}
